// !$*UTF8*$!
{
	archiveVersion = 1;
	classes = {
	};
	objectVersion = 48;
	objects = {

/* Begin PBXBuildFile section */
		05332C201FAAAF2800203A51 /* AppDelegate.swift in Sources */ = {isa = PBXBuildFile; fileRef = 05332C1F1FAAAF2800203A51 /* AppDelegate.swift */; };
		05332C221FAAAF2800203A51 /* art.scnassets in Resources */ = {isa = PBXBuildFile; fileRef = 05332C211FAAAF2800203A51 /* art.scnassets */; };
		05332C241FAAAF2800203A51 /* ViewController.swift in Sources */ = {isa = PBXBuildFile; fileRef = 05332C231FAAAF2800203A51 /* ViewController.swift */; };
		05332C271FAAAF2800203A51 /* Main.storyboard in Resources */ = {isa = PBXBuildFile; fileRef = 05332C251FAAAF2800203A51 /* Main.storyboard */; };
		05332C291FAAAF2800203A51 /* Assets.xcassets in Resources */ = {isa = PBXBuildFile; fileRef = 05332C281FAAAF2800203A51 /* Assets.xcassets */; };
		05332C2C1FAAAF2800203A51 /* LaunchScreen.storyboard in Resources */ = {isa = PBXBuildFile; fileRef = 05332C2A1FAAAF2800203A51 /* LaunchScreen.storyboard */; };
		5163998B1FAB9CA4005939CA /* CameraVC.swift in Sources */ = {isa = PBXBuildFile; fileRef = 5163998A1FAB9CA4005939CA /* CameraVC.swift */; };
/* End PBXBuildFile section */

/* Begin PBXFileReference section */
		05332C1C1FAAAF2800203A51 /* Pill ID.app */ = {isa = PBXFileReference; explicitFileType = wrapper.application; includeInIndex = 0; path = "Pill ID.app"; sourceTree = BUILT_PRODUCTS_DIR; };
		05332C1F1FAAAF2800203A51 /* AppDelegate.swift */ = {isa = PBXFileReference; lastKnownFileType = sourcecode.swift; path = AppDelegate.swift; sourceTree = "<group>"; };
		05332C211FAAAF2800203A51 /* art.scnassets */ = {isa = PBXFileReference; lastKnownFileType = wrapper.scnassets; path = art.scnassets; sourceTree = "<group>"; };
		05332C231FAAAF2800203A51 /* ViewController.swift */ = {isa = PBXFileReference; lastKnownFileType = sourcecode.swift; path = ViewController.swift; sourceTree = "<group>"; };
		05332C261FAAAF2800203A51 /* Base */ = {isa = PBXFileReference; lastKnownFileType = file.storyboard; name = Base; path = Base.lproj/Main.storyboard; sourceTree = "<group>"; };
		05332C281FAAAF2800203A51 /* Assets.xcassets */ = {isa = PBXFileReference; lastKnownFileType = folder.assetcatalog; path = Assets.xcassets; sourceTree = "<group>"; };
		05332C2B1FAAAF2800203A51 /* Base */ = {isa = PBXFileReference; lastKnownFileType = file.storyboard; name = Base; path = Base.lproj/LaunchScreen.storyboard; sourceTree = "<group>"; };
		05332C2D1FAAAF2800203A51 /* Info.plist */ = {isa = PBXFileReference; lastKnownFileType = text.plist.xml; path = Info.plist; sourceTree = "<group>"; };
		5163998A1FAB9CA4005939CA /* CameraVC.swift */ = {isa = PBXFileReference; lastKnownFileType = sourcecode.swift; path = CameraVC.swift; sourceTree = "<group>"; };
/* End PBXFileReference section */

/* Begin PBXFrameworksBuildPhase section */
		05332C191FAAAF2800203A51 /* Frameworks */ = {
			isa = PBXFrameworksBuildPhase;
			buildActionMask = 2147483647;
			files = (
			);
			runOnlyForDeploymentPostprocessing = 0;
		};
/* End PBXFrameworksBuildPhase section */

/* Begin PBXGroup section */
		05332C131FAAAF2800203A51 = {
			isa = PBXGroup;
			children = (
				05332C1E1FAAAF2800203A51 /* Pill ID */,
				05332C1D1FAAAF2800203A51 /* Products */,
			);
			sourceTree = "<group>";
		};
		05332C1D1FAAAF2800203A51 /* Products */ = {
			isa = PBXGroup;
			children = (
				05332C1C1FAAAF2800203A51 /* Pill ID.app */,
			);
			name = Products;
			sourceTree = "<group>";
		};
		05332C1E1FAAAF2800203A51 /* Pill ID */ = {
			isa = PBXGroup;
			children = (
				05332C1F1FAAAF2800203A51 /* AppDelegate.swift */,
				05332C211FAAAF2800203A51 /* art.scnassets */,
				05332C231FAAAF2800203A51 /* ViewController.swift */,
				5163998A1FAB9CA4005939CA /* CameraVC.swift */,
				05332C251FAAAF2800203A51 /* Main.storyboard */,
				05332C281FAAAF2800203A51 /* Assets.xcassets */,
				05332C2A1FAAAF2800203A51 /* LaunchScreen.storyboard */,
				05332C2D1FAAAF2800203A51 /* Info.plist */,
			);
			path = "Pill ID";
			sourceTree = "<group>";
		};
/* End PBXGroup section */

/* Begin PBXNativeTarget section */
		05332C1B1FAAAF2800203A51 /* Pill ID */ = {
			isa = PBXNativeTarget;
			buildConfigurationList = 05332C301FAAAF2800203A51 /* Build configuration list for PBXNativeTarget "Pill ID" */;
			buildPhases = (
				05332C181FAAAF2800203A51 /* Sources */,
				05332C191FAAAF2800203A51 /* Frameworks */,
				05332C1A1FAAAF2800203A51 /* Resources */,
			);
			buildRules = (
			);
			dependencies = (
			);
			name = "Pill ID";
			productName = "Pill ID";
			productReference = 05332C1C1FAAAF2800203A51 /* Pill ID.app */;
			productType = "com.apple.product-type.application";
		};
/* End PBXNativeTarget section */

/* Begin PBXProject section */
		05332C141FAAAF2800203A51 /* Project object */ = {
			isa = PBXProject;
			attributes = {
				LastSwiftUpdateCheck = 0900;
				LastUpgradeCheck = 0900;
				ORGANIZATIONNAME = MedAppJam;
				TargetAttributes = {
					05332C1B1FAAAF2800203A51 = {
						CreatedOnToolsVersion = 9.0;
						ProvisioningStyle = Automatic;
					};
				};
			};
			buildConfigurationList = 05332C171FAAAF2800203A51 /* Build configuration list for PBXProject "Pill ID" */;
			compatibilityVersion = "Xcode 8.0";
			developmentRegion = en;
			hasScannedForEncodings = 0;
			knownRegions = (
				en,
				Base,
			);
			mainGroup = 05332C131FAAAF2800203A51;
			productRefGroup = 05332C1D1FAAAF2800203A51 /* Products */;
			projectDirPath = "";
			projectRoot = "";
			targets = (
				05332C1B1FAAAF2800203A51 /* Pill ID */,
			);
		};
/* End PBXProject section */

/* Begin PBXResourcesBuildPhase section */
		05332C1A1FAAAF2800203A51 /* Resources */ = {
			isa = PBXResourcesBuildPhase;
			buildActionMask = 2147483647;
			files = (
				05332C221FAAAF2800203A51 /* art.scnassets in Resources */,
				05332C2C1FAAAF2800203A51 /* LaunchScreen.storyboard in Resources */,
				05332C291FAAAF2800203A51 /* Assets.xcassets in Resources */,
				05332C271FAAAF2800203A51 /* Main.storyboard in Resources */,
			);
			runOnlyForDeploymentPostprocessing = 0;
		};
/* End PBXResourcesBuildPhase section */

/* Begin PBXSourcesBuildPhase section */
		05332C181FAAAF2800203A51 /* Sources */ = {
			isa = PBXSourcesBuildPhase;
			buildActionMask = 2147483647;
			files = (
				05332C241FAAAF2800203A51 /* ViewController.swift in Sources */,
				5163998B1FAB9CA4005939CA /* CameraVC.swift in Sources */,
				05332C201FAAAF2800203A51 /* AppDelegate.swift in Sources */,
			);
			runOnlyForDeploymentPostprocessing = 0;
		};
/* End PBXSourcesBuildPhase section */

/* Begin PBXVariantGroup section */
		05332C251FAAAF2800203A51 /* Main.storyboard */ = {
			isa = PBXVariantGroup;
			children = (
				05332C261FAAAF2800203A51 /* Base */,
			);
			name = Main.storyboard;
			sourceTree = "<group>";
		};
		05332C2A1FAAAF2800203A51 /* LaunchScreen.storyboard */ = {
			isa = PBXVariantGroup;
			children = (
				05332C2B1FAAAF2800203A51 /* Base */,
			);
			name = LaunchScreen.storyboard;
			sourceTree = "<group>";
		};
/* End PBXVariantGroup section */

/* Begin XCBuildConfiguration section */
		05332C2E1FAAAF2800203A51 /* Debug */ = {
			isa = XCBuildConfiguration;
			buildSettings = {
				ALWAYS_SEARCH_USER_PATHS = NO;
				CLANG_ANALYZER_NONNULL = YES;
				CLANG_ANALYZER_NUMBER_OBJECT_CONVERSION = YES_AGGRESSIVE;
				CLANG_CXX_LANGUAGE_STANDARD = "gnu++14";
				CLANG_CXX_LIBRARY = "libc++";
				CLANG_ENABLE_MODULES = YES;
				CLANG_ENABLE_OBJC_ARC = YES;
				CLANG_WARN_BLOCK_CAPTURE_AUTORELEASING = YES;
				CLANG_WARN_BOOL_CONVERSION = YES;
				CLANG_WARN_COMMA = YES;
				CLANG_WARN_CONSTANT_CONVERSION = YES;
				CLANG_WARN_DIRECT_OBJC_ISA_USAGE = YES_ERROR;
				CLANG_WARN_DOCUMENTATION_COMMENTS = YES;
				CLANG_WARN_EMPTY_BODY = YES;
				CLANG_WARN_ENUM_CONVERSION = YES;
				CLANG_WARN_INFINITE_RECURSION = YES;
				CLANG_WARN_INT_CONVERSION = YES;
				CLANG_WARN_NON_LITERAL_NULL_CONVERSION = YES;
				CLANG_WARN_OBJC_LITERAL_CONVERSION = YES;
				CLANG_WARN_OBJC_ROOT_CLASS = YES_ERROR;
				CLANG_WARN_RANGE_LOOP_ANALYSIS = YES;
				CLANG_WARN_STRICT_PROTOTYPES = YES;
				CLANG_WARN_SUSPICIOUS_MOVE = YES;
				CLANG_WARN_UNGUARDED_AVAILABILITY = YES_AGGRESSIVE;
				CLANG_WARN_UNREACHABLE_CODE = YES;
				CLANG_WARN__DUPLICATE_METHOD_MATCH = YES;
				CODE_SIGN_IDENTITY = "iPhone Developer";
				COPY_PHASE_STRIP = NO;
				DEBUG_INFORMATION_FORMAT = dwarf;
				ENABLE_STRICT_OBJC_MSGSEND = YES;
				ENABLE_TESTABILITY = YES;
				GCC_C_LANGUAGE_STANDARD = gnu11;
				GCC_DYNAMIC_NO_PIC = NO;
				GCC_NO_COMMON_BLOCKS = YES;
				GCC_OPTIMIZATION_LEVEL = 0;
				GCC_PREPROCESSOR_DEFINITIONS = (
					"DEBUG=1",
					"$(inherited)",
				);
				GCC_WARN_64_TO_32_BIT_CONVERSION = YES;
				GCC_WARN_ABOUT_RETURN_TYPE = YES_ERROR;
				GCC_WARN_UNDECLARED_SELECTOR = YES;
				GCC_WARN_UNINITIALIZED_AUTOS = YES_AGGRESSIVE;
				GCC_WARN_UNUSED_FUNCTION = YES;
				GCC_WARN_UNUSED_VARIABLE = YES;
				IPHONEOS_DEPLOYMENT_TARGET = 11.0;
				MTL_ENABLE_DEBUG_INFO = YES;
				ONLY_ACTIVE_ARCH = YES;
				SDKROOT = iphoneos;
				SWIFT_ACTIVE_COMPILATION_CONDITIONS = DEBUG;
				SWIFT_OPTIMIZATION_LEVEL = "-Onone";
			};
			name = Debug;
		};
		05332C2F1FAAAF2800203A51 /* Release */ = {
			isa = XCBuildConfiguration;
			buildSettings = {
				ALWAYS_SEARCH_USER_PATHS = NO;
				CLANG_ANALYZER_NONNULL = YES;
				CLANG_ANALYZER_NUMBER_OBJECT_CONVERSION = YES_AGGRESSIVE;
				CLANG_CXX_LANGUAGE_STANDARD = "gnu++14";
				CLANG_CXX_LIBRARY = "libc++";
				CLANG_ENABLE_MODULES = YES;
				CLANG_ENABLE_OBJC_ARC = YES;
				CLANG_WARN_BLOCK_CAPTURE_AUTORELEASING = YES;
				CLANG_WARN_BOOL_CONVERSION = YES;
				CLANG_WARN_COMMA = YES;
				CLANG_WARN_CONSTANT_CONVERSION = YES;
				CLANG_WARN_DIRECT_OBJC_ISA_USAGE = YES_ERROR;
				CLANG_WARN_DOCUMENTATION_COMMENTS = YES;
				CLANG_WARN_EMPTY_BODY = YES;
				CLANG_WARN_ENUM_CONVERSION = YES;
				CLANG_WARN_INFINITE_RECURSION = YES;
				CLANG_WARN_INT_CONVERSION = YES;
				CLANG_WARN_NON_LITERAL_NULL_CONVERSION = YES;
				CLANG_WARN_OBJC_LITERAL_CONVERSION = YES;
				CLANG_WARN_OBJC_ROOT_CLASS = YES_ERROR;
				CLANG_WARN_RANGE_LOOP_ANALYSIS = YES;
				CLANG_WARN_STRICT_PROTOTYPES = YES;
				CLANG_WARN_SUSPICIOUS_MOVE = YES;
				CLANG_WARN_UNGUARDED_AVAILABILITY = YES_AGGRESSIVE;
				CLANG_WARN_UNREACHABLE_CODE = YES;
				CLANG_WARN__DUPLICATE_METHOD_MATCH = YES;
				CODE_SIGN_IDENTITY = "iPhone Developer";
				COPY_PHASE_STRIP = NO;
				DEBUG_INFORMATION_FORMAT = "dwarf-with-dsym";
				ENABLE_NS_ASSERTIONS = NO;
				ENABLE_STRICT_OBJC_MSGSEND = YES;
				GCC_C_LANGUAGE_STANDARD = gnu11;
				GCC_NO_COMMON_BLOCKS = YES;
				GCC_WARN_64_TO_32_BIT_CONVERSION = YES;
				GCC_WARN_ABOUT_RETURN_TYPE = YES_ERROR;
				GCC_WARN_UNDECLARED_SELECTOR = YES;
				GCC_WARN_UNINITIALIZED_AUTOS = YES_AGGRESSIVE;
				GCC_WARN_UNUSED_FUNCTION = YES;
				GCC_WARN_UNUSED_VARIABLE = YES;
				IPHONEOS_DEPLOYMENT_TARGET = 11.0;
				MTL_ENABLE_DEBUG_INFO = NO;
				SDKROOT = iphoneos;
				SWIFT_OPTIMIZATION_LEVEL = "-Owholemodule";
				VALIDATE_PRODUCT = YES;
			};
			name = Release;
		};
		05332C311FAAAF2800203A51 /* Debug */ = {
			isa = XCBuildConfiguration;
			buildSettings = {
				ASSETCATALOG_COMPILER_APPICON_NAME = AppIcon;
				CODE_SIGN_STYLE = Automatic;
				DEVELOPMENT_TEAM = 8G55M7N8N9;
				INFOPLIST_FILE = "Pill ID/Info.plist";
				LD_RUNPATH_SEARCH_PATHS = "$(inherited) @executable_path/Frameworks";
				PRODUCT_BUNDLE_IDENTIFIER = "VV.Pill-ID";
				PRODUCT_NAME = "$(TARGET_NAME)";
				SWIFT_VERSION = 4.0;
				TARGETED_DEVICE_FAMILY = "1,2";
			};
			name = Debug;
		};
		05332C321FAAAF2800203A51 /* Release */ = {
			isa = XCBuildConfiguration;
			buildSettings = {
				ASSETCATALOG_COMPILER_APPICON_NAME = AppIcon;
				CODE_SIGN_STYLE = Automatic;
				DEVELOPMENT_TEAM = 8G55M7N8N9;
				INFOPLIST_FILE = "Pill ID/Info.plist";
				LD_RUNPATH_SEARCH_PATHS = "$(inherited) @executable_path/Frameworks";
				PRODUCT_BUNDLE_IDENTIFIER = "VV.Pill-ID";
				PRODUCT_NAME = "$(TARGET_NAME)";
				SWIFT_VERSION = 4.0;
				TARGETED_DEVICE_FAMILY = "1,2";
			};
			name = Release;
		};
/* End XCBuildConfiguration section */

/* Begin XCConfigurationList section */
		05332C171FAAAF2800203A51 /* Build configuration list for PBXProject "Pill ID" */ = {
			isa = XCConfigurationList;
			buildConfigurations = (
				05332C2E1FAAAF2800203A51 /* Debug */,
				05332C2F1FAAAF2800203A51 /* Release */,
			);
			defaultConfigurationIsVisible = 0;
			defaultConfigurationName = Release;
		};
		05332C301FAAAF2800203A51 /* Build configuration list for PBXNativeTarget "Pill ID" */ = {
			isa = XCConfigurationList;
			buildConfigurations = (
				05332C311FAAAF2800203A51 /* Debug */,
				05332C321FAAAF2800203A51 /* Release */,
			);
			defaultConfigurationIsVisible = 0;
			defaultConfigurationName = Release;
		};
/* End XCConfigurationList section */
	};
	rootObject = 05332C141FAAAF2800203A51 /* Project object */;
}
